
Microsoft Visual Studio Solution File, Format Version 11.00
# Visual Studio 2010
Project("{FAE04EC0-301F-11D3-BF4B-00C04F79EFBC}") = "Zombiecide_TheEscape", "Assembly-CSharp.csproj", "{5ADCC8E1-6BC9-6E2C-0A10-1E7797D63DC6}"
EndProject
Project("{FAE04EC0-301F-11D3-BF4B-00C04F79EFBC}") = "Zombiecide_TheEscape", "Assembly-CSharp-Editor.csproj", "{9B557086-1830-DCDA-CED7-5767B82FA46D}"
EndProject
Global
	GlobalSection(SolutionConfigurationPlatforms) = preSolution
		Debug|Any CPU = Debug|Any CPU
		Release|Any CPU = Release|Any CPU
	EndGlobalSection
	GlobalSection(ProjectConfigurationPlatforms) = postSolution
		{5ADCC8E1-6BC9-6E2C-0A10-1E7797D63DC6}.Debug|Any CPU.ActiveCfg = Debug|Any CPU
		{5ADCC8E1-6BC9-6E2C-0A10-1E7797D63DC6}.Debug|Any CPU.Build.0 = Debug|Any CPU
		{5ADCC8E1-6BC9-6E2C-0A10-1E7797D63DC6}.Release|Any CPU.ActiveCfg = Release|Any CPU
		{5ADCC8E1-6BC9-6E2C-0A10-1E7797D63DC6}.Release|Any CPU.Build.0 = Release|Any CPU
		{9B557086-1830-DCDA-CED7-5767B82FA46D}.Debug|Any CPU.ActiveCfg = Debug|Any CPU
		{9B557086-1830-DCDA-CED7-5767B82FA46D}.Debug|Any CPU.Build.0 = Debug|Any CPU
		{9B557086-1830-DCDA-CED7-5767B82FA46D}.Release|Any CPU.ActiveCfg = Release|Any CPU
		{9B557086-1830-DCDA-CED7-5767B82FA46D}.Release|Any CPU.Build.0 = Release|Any CPU
	EndGlobalSection
	GlobalSection(SolutionProperties) = preSolution
		HideSolutionNode = FALSE
	EndGlobalSection
	GlobalSection(MonoDevelopProperties) = preSolution
		StartupItem = Assembly-CSharp.csproj
	EndGlobalSection
EndGlobal
